{
  "name": "helloworld",
  "version": "1.0.0",
  "lockfileVersion": 1,
  "requires": true,
  "dependencies": {
    "mapwize": {
      "version": "3.1.3",
      "resolved": "https://registry.npmjs.org/mapwize/-/mapwize-3.1.3.tgz",
      "integrity": "sha512-HO1vN3QPteRF7hFgePZVP7vzMQkarDlrv6rhrBmlw9ITMaxMdgPx4jlYnCeaAFFSliyo7yzB51jFlUyz5GMWJQ=="
    }
  }
}
